// !$*UTF8*$!
{
	archiveVersion = 1;
	classes = {
	};
	objectVersion = 50;
	objects = {

/* Begin PBXBuildFile section */
		0403ED842655589C002EE5FA /* NewsFeedDataModel.swift in Sources */ = {isa = PBXBuildFile; fileRef = 0403ED832655589C002EE5FA /* NewsFeedDataModel.swift */; };
		0403ED8626555B79002EE5FA /* FetchDataService.swift in Sources */ = {isa = PBXBuildFile; fileRef = 0403ED8526555B79002EE5FA /* FetchDataService.swift */; };
		0403ED8826558110002EE5FA /* NewsFeedTableViewCell.swift in Sources */ = {isa = PBXBuildFile; fileRef = 0403ED8726558110002EE5FA /* NewsFeedTableViewCell.swift */; };
		04AE502626552054000F4B03 /* AppDelegate.swift in Sources */ = {isa = PBXBuildFile; fileRef = 04AE502526552054000F4B03 /* AppDelegate.swift */; };
		04AE502826552054000F4B03 /* SceneDelegate.swift in Sources */ = {isa = PBXBuildFile; fileRef = 04AE502726552054000F4B03 /* SceneDelegate.swift */; };
		04AE502A26552054000F4B03 /* NewsFeedViewController.swift in Sources */ = {isa = PBXBuildFile; fileRef = 04AE502926552054000F4B03 /* NewsFeedViewController.swift */; };
		04AE502D26552054000F4B03 /* Main.storyboard in Resources */ = {isa = PBXBuildFile; fileRef = 04AE502B26552054000F4B03 /* Main.storyboard */; };
		04AE502F26552056000F4B03 /* Assets.xcassets in Resources */ = {isa = PBXBuildFile; fileRef = 04AE502E26552056000F4B03 /* Assets.xcassets */; };
		04AE503226552056000F4B03 /* LaunchScreen.storyboard in Resources */ = {isa = PBXBuildFile; fileRef = 04AE503026552056000F4B03 /* LaunchScreen.storyboard */; };
		04F9FD152656F59B00B2460B /* NewsFeedViewModel.swift in Sources */ = {isa = PBXBuildFile; fileRef = 04F9FD142656F59B00B2460B /* NewsFeedViewModel.swift */; };
/* End PBXBuildFile section */

/* Begin PBXFileReference section */
		0403ED832655589C002EE5FA /* NewsFeedDataModel.swift */ = {isa = PBXFileReference; lastKnownFileType = sourcecode.swift; path = NewsFeedDataModel.swift; sourceTree = "<group>"; };
		0403ED8526555B79002EE5FA /* FetchDataService.swift */ = {isa = PBXFileReference; lastKnownFileType = sourcecode.swift; path = FetchDataService.swift; sourceTree = "<group>"; };
		0403ED8726558110002EE5FA /* NewsFeedTableViewCell.swift */ = {isa = PBXFileReference; lastKnownFileType = sourcecode.swift; path = NewsFeedTableViewCell.swift; sourceTree = "<group>"; };
		04AE502226552054000F4B03 /* NewsFeedChallenge.app */ = {isa = PBXFileReference; explicitFileType = wrapper.application; includeInIndex = 0; path = NewsFeedChallenge.app; sourceTree = BUILT_PRODUCTS_DIR; };
		04AE502526552054000F4B03 /* AppDelegate.swift */ = {isa = PBXFileReference; lastKnownFileType = sourcecode.swift; path = AppDelegate.swift; sourceTree = "<group>"; };
		04AE502726552054000F4B03 /* SceneDelegate.swift */ = {isa = PBXFileReference; lastKnownFileType = sourcecode.swift; path = SceneDelegate.swift; sourceTree = "<group>"; };
		04AE502926552054000F4B03 /* NewsFeedViewController.swift */ = {isa = PBXFileReference; lastKnownFileType = sourcecode.swift; path = NewsFeedViewController.swift; sourceTree = "<group>"; };
		04AE502C26552054000F4B03 /* Base */ = {isa = PBXFileReference; lastKnownFileType = file.storyboard; name = Base; path = Base.lproj/Main.storyboard; sourceTree = "<group>"; };
		04AE502E26552056000F4B03 /* Assets.xcassets */ = {isa = PBXFileReference; lastKnownFileType = folder.assetcatalog; path = Assets.xcassets; sourceTree = "<group>"; };
		04AE503126552056000F4B03 /* Base */ = {isa = PBXFileReference; lastKnownFileType = file.storyboard; name = Base; path = Base.lproj/LaunchScreen.storyboard; sourceTree = "<group>"; };
		04AE503326552056000F4B03 /* Info.plist */ = {isa = PBXFileReference; lastKnownFileType = text.plist.xml; path = Info.plist; sourceTree = "<group>"; };
		04F9FD142656F59B00B2460B /* NewsFeedViewModel.swift */ = {isa = PBXFileReference; lastKnownFileType = sourcecode.swift; path = NewsFeedViewModel.swift; sourceTree = "<group>"; };
/* End PBXFileReference section */

/* Begin PBXFrameworksBuildPhase section */
		04AE501F26552054000F4B03 /* Frameworks */ = {
			isa = PBXFrameworksBuildPhase;
			buildActionMask = 2147483647;
			files = (
			);
			runOnlyForDeploymentPostprocessing = 0;
		};
/* End PBXFrameworksBuildPhase section */

/* Begin PBXGroup section */
		04AE501926552054000F4B03 = {
			isa = PBXGroup;
			children = (
				04AE502426552054000F4B03 /* NewsFeedChallenge */,
				04AE502326552054000F4B03 /* Products */,
			);
			sourceTree = "<group>";
		};
		04AE502326552054000F4B03 /* Products */ = {
			isa = PBXGroup;
			children = (
				04AE502226552054000F4B03 /* NewsFeedChallenge.app */,
			);
			name = Products;
			sourceTree = "<group>";
		};
		04AE502426552054000F4B03 /* NewsFeedChallenge */ = {
			isa = PBXGroup;
			children = (
				04F9FD102656EF2A00B2460B /* Model */,
				04F9FD112656EF6200B2460B /* View */,
				04F9FD162656F7AF00B2460B /* ViewModel */,
				04F9FD122656EF9B00B2460B /* Controller */,
				04F9FD132656EFD100B2460B /* Networking */,
				04AE502526552054000F4B03 /* AppDelegate.swift */,
				04AE502726552054000F4B03 /* SceneDelegate.swift */,
				04AE502E26552056000F4B03 /* Assets.xcassets */,
				04AE503026552056000F4B03 /* LaunchScreen.storyboard */,
				04AE503326552056000F4B03 /* Info.plist */,
			);
			path = NewsFeedChallenge;
			sourceTree = "<group>";
		};
		04F9FD102656EF2A00B2460B /* Model */ = {
			isa = PBXGroup;
			children = (
				0403ED832655589C002EE5FA /* NewsFeedDataModel.swift */,
			);
			path = Model;
			sourceTree = "<group>";
		};
		04F9FD112656EF6200B2460B /* View */ = {
			isa = PBXGroup;
			children = (
				04AE502B26552054000F4B03 /* Main.storyboard */,
				0403ED8726558110002EE5FA /* NewsFeedTableViewCell.swift */,
			);
			path = View;
			sourceTree = "<group>";
		};
		04F9FD122656EF9B00B2460B /* Controller */ = {
			isa = PBXGroup;
			children = (
				04AE502926552054000F4B03 /* NewsFeedViewController.swift */,
			);
			path = Controller;
			sourceTree = "<group>";
		};
		04F9FD132656EFD100B2460B /* Networking */ = {
			isa = PBXGroup;
			children = (
				0403ED8526555B79002EE5FA /* FetchDataService.swift */,
			);
			path = Networking;
			sourceTree = "<group>";
		};
		04F9FD162656F7AF00B2460B /* ViewModel */ = {
			isa = PBXGroup;
			children = (
				04F9FD142656F59B00B2460B /* NewsFeedViewModel.swift */,
			);
			path = ViewModel;
			sourceTree = "<group>";
		};
/* End PBXGroup section */

/* Begin PBXNativeTarget section */
		04AE502126552054000F4B03 /* NewsFeedChallenge */ = {
			isa = PBXNativeTarget;
			buildConfigurationList = 04AE503626552056000F4B03 /* Build configuration list for PBXNativeTarget "NewsFeedChallenge" */;
			buildPhases = (
				04AE501E26552054000F4B03 /* Sources */,
				04AE501F26552054000F4B03 /* Frameworks */,
				04AE502026552054000F4B03 /* Resources */,
			);
			buildRules = (
			);
			dependencies = (
			);
			name = NewsFeedChallenge;
			productName = NewsFeedChallenge;
			productReference = 04AE502226552054000F4B03 /* NewsFeedChallenge.app */;
			productType = "com.apple.product-type.application";
		};
/* End PBXNativeTarget section */

/* Begin PBXProject section */
		04AE501A26552054000F4B03 /* Project object */ = {
			isa = PBXProject;
			attributes = {
				LastSwiftUpdateCheck = 1250;
				LastUpgradeCheck = 1250;
				TargetAttributes = {
					04AE502126552054000F4B03 = {
						CreatedOnToolsVersion = 12.5;
					};
				};
			};
			buildConfigurationList = 04AE501D26552054000F4B03 /* Build configuration list for PBXProject "NewsFeedChallenge" */;
			compatibilityVersion = "Xcode 9.3";
			developmentRegion = en;
			hasScannedForEncodings = 0;
			knownRegions = (
				en,
				Base,
			);
			mainGroup = 04AE501926552054000F4B03;
			productRefGroup = 04AE502326552054000F4B03 /* Products */;
			projectDirPath = "";
			projectRoot = "";
			targets = (
				04AE502126552054000F4B03 /* NewsFeedChallenge */,
			);
		};
/* End PBXProject section */

/* Begin PBXResourcesBuildPhase section */
		04AE502026552054000F4B03 /* Resources */ = {
			isa = PBXResourcesBuildPhase;
			buildActionMask = 2147483647;
			files = (
				04AE503226552056000F4B03 /* LaunchScreen.storyboard in Resources */,
				04AE502F26552056000F4B03 /* Assets.xcassets in Resources */,
				04AE502D26552054000F4B03 /* Main.storyboard in Resources */,
			);
			runOnlyForDeploymentPostprocessing = 0;
		};
/* End PBXResourcesBuildPhase section */

/* Begin PBXSourcesBuildPhase section */
		04AE501E26552054000F4B03 /* Sources */ = {
			isa = PBXSourcesBuildPhase;
			buildActionMask = 2147483647;
			files = (
				04AE502A26552054000F4B03 /* NewsFeedViewController.swift in Sources */,
				0403ED8626555B79002EE5FA /* FetchDataService.swift in Sources */,
				0403ED8826558110002EE5FA /* NewsFeedTableViewCell.swift in Sources */,
				04F9FD152656F59B00B2460B /* NewsFeedViewModel.swift in Sources */,
				04AE502626552054000F4B03 /* AppDelegate.swift in Sources */,
				0403ED842655589C002EE5FA /* NewsFeedDataModel.swift in Sources */,
				04AE502826552054000F4B03 /* SceneDelegate.swift in Sources */,
			);
			runOnlyForDeploymentPostprocessing = 0;
		};
/* End PBXSourcesBuildPhase section */

/* Begin PBXVariantGroup section */
		04AE502B26552054000F4B03 /* Main.storyboard */ = {
			isa = PBXVariantGroup;
			children = (
				04AE502C26552054000F4B03 /* Base */,
			);
			name = Main.storyboard;
			sourceTree = "<group>";
		};
		04AE503026552056000F4B03 /* LaunchScreen.storyboard */ = {
			isa = PBXVariantGroup;
			children = (
				04AE503126552056000F4B03 /* Base */,
			);
			name = LaunchScreen.storyboard;
			sourceTree = "<group>";
		};
/* End PBXVariantGroup section */

/* Begin XCBuildConfiguration section */
		04AE503426552056000F4B03 /* Debug */ = {
			isa = XCBuildConfiguration;
			buildSettings = {
				ALWAYS_SEARCH_USER_PATHS = NO;
				CLANG_ANALYZER_NONNULL = YES;
				CLANG_ANALYZER_NUMBER_OBJECT_CONVERSION = YES_AGGRESSIVE;
				CLANG_CXX_LANGUAGE_STANDARD = "gnu++14";
				CLANG_CXX_LIBRARY = "libc++";
				CLANG_ENABLE_MODULES = YES;
				CLANG_ENABLE_OBJC_ARC = YES;
				CLANG_ENABLE_OBJC_WEAK = YES;
				CLANG_WARN_BLOCK_CAPTURE_AUTORELEASING = YES;
				CLANG_WARN_BOOL_CONVERSION = YES;
				CLANG_WARN_COMMA = YES;
				CLANG_WARN_CONSTANT_CONVERSION = YES;
				CLANG_WARN_DEPRECATED_OBJC_IMPLEMENTATIONS = YES;
				CLANG_WARN_DIRECT_OBJC_ISA_USAGE = YES_ERROR;
				CLANG_WARN_DOCUMENTATION_COMMENTS = YES;
				CLANG_WARN_EMPTY_BODY = YES;
				CLANG_WARN_ENUM_CONVERSION = YES;
				CLANG_WARN_INFINITE_RECURSION = YES;
				CLANG_WARN_INT_CONVERSION = YES;
				CLANG_WARN_NON_LITERAL_NULL_CONVERSION = YES;
				CLANG_WARN_OBJC_IMPLICIT_RETAIN_SELF = YES;
				CLANG_WARN_OBJC_LITERAL_CONVERSION = YES;
				CLANG_WARN_OBJC_ROOT_CLASS = YES_ERROR;
				CLANG_WARN_QUOTED_INCLUDE_IN_FRAMEWORK_HEADER = YES;
				CLANG_WARN_RANGE_LOOP_ANALYSIS = YES;
				CLANG_WARN_STRICT_PROTOTYPES = YES;
				CLANG_WARN_SUSPICIOUS_MOVE = YES;
				CLANG_WARN_UNGUARDED_AVAILABILITY = YES_AGGRESSIVE;
				CLANG_WARN_UNREACHABLE_CODE = YES;
				CLANG_WARN__DUPLICATE_METHOD_MATCH = YES;
				COPY_PHASE_STRIP = NO;
				DEBUG_INFORMATION_FORMAT = dwarf;
				ENABLE_STRICT_OBJC_MSGSEND = YES;
				ENABLE_TESTABILITY = YES;
				GCC_C_LANGUAGE_STANDARD = gnu11;
				GCC_DYNAMIC_NO_PIC = NO;
				GCC_NO_COMMON_BLOCKS = YES;
				GCC_OPTIMIZATION_LEVEL = 0;
				GCC_PREPROCESSOR_DEFINITIONS = (
					"DEBUG=1",
					"$(inherited)",
				);
				GCC_WARN_64_TO_32_BIT_CONVERSION = YES;
				GCC_WARN_ABOUT_RETURN_TYPE = YES_ERROR;
				GCC_WARN_UNDECLARED_SELECTOR = YES;
				GCC_WARN_UNINITIALIZED_AUTOS = YES_AGGRESSIVE;
				GCC_WARN_UNUSED_FUNCTION = YES;
				GCC_WARN_UNUSED_VARIABLE = YES;
				IPHONEOS_DEPLOYMENT_TARGET = 14.5;
				MTL_ENABLE_DEBUG_INFO = INCLUDE_SOURCE;
				MTL_FAST_MATH = YES;
				ONLY_ACTIVE_ARCH = YES;
				SDKROOT = iphoneos;
				SWIFT_ACTIVE_COMPILATION_CONDITIONS = DEBUG;
				SWIFT_OPTIMIZATION_LEVEL = "-Onone";
			};
			name = Debug;
		};
		04AE503526552056000F4B03 /* Release */ = {
			isa = XCBuildConfiguration;
			buildSettings = {
				ALWAYS_SEARCH_USER_PATHS = NO;
				CLANG_ANALYZER_NONNULL = YES;
				CLANG_ANALYZER_NUMBER_OBJECT_CONVERSION = YES_AGGRESSIVE;
				CLANG_CXX_LANGUAGE_STANDARD = "gnu++14";
				CLANG_CXX_LIBRARY = "libc++";
				CLANG_ENABLE_MODULES = YES;
				CLANG_ENABLE_OBJC_ARC = YES;
				CLANG_ENABLE_OBJC_WEAK = YES;
				CLANG_WARN_BLOCK_CAPTURE_AUTORELEASING = YES;
				CLANG_WARN_BOOL_CONVERSION = YES;
				CLANG_WARN_COMMA = YES;
				CLANG_WARN_CONSTANT_CONVERSION = YES;
				CLANG_WARN_DEPRECATED_OBJC_IMPLEMENTATIONS = YES;
				CLANG_WARN_DIRECT_OBJC_ISA_USAGE = YES_ERROR;
				CLANG_WARN_DOCUMENTATION_COMMENTS = YES;
				CLANG_WARN_EMPTY_BODY = YES;
				CLANG_WARN_ENUM_CONVERSION = YES;
				CLANG_WARN_INFINITE_RECURSION = YES;
				CLANG_WARN_INT_CONVERSION = YES;
				CLANG_WARN_NON_LITERAL_NULL_CONVERSION = YES;
				CLANG_WARN_OBJC_IMPLICIT_RETAIN_SELF = YES;
				CLANG_WARN_OBJC_LITERAL_CONVERSION = YES;
				CLANG_WARN_OBJC_ROOT_CLASS = YES_ERROR;
				CLANG_WARN_QUOTED_INCLUDE_IN_FRAMEWORK_HEADER = YES;
				CLANG_WARN_RANGE_LOOP_ANALYSIS = YES;
				CLANG_WARN_STRICT_PROTOTYPES = YES;
				CLANG_WARN_SUSPICIOUS_MOVE = YES;
				CLANG_WARN_UNGUARDED_AVAILABILITY = YES_AGGRESSIVE;
				CLANG_WARN_UNREACHABLE_CODE = YES;
				CLANG_WARN__DUPLICATE_METHOD_MATCH = YES;
				COPY_PHASE_STRIP = NO;
				DEBUG_INFORMATION_FORMAT = "dwarf-with-dsym";
				ENABLE_NS_ASSERTIONS = NO;
				ENABLE_STRICT_OBJC_MSGSEND = YES;
				GCC_C_LANGUAGE_STANDARD = gnu11;
				GCC_NO_COMMON_BLOCKS = YES;
				GCC_WARN_64_TO_32_BIT_CONVERSION = YES;
				GCC_WARN_ABOUT_RETURN_TYPE = YES_ERROR;
				GCC_WARN_UNDECLARED_SELECTOR = YES;
				GCC_WARN_UNINITIALIZED_AUTOS = YES_AGGRESSIVE;
				GCC_WARN_UNUSED_FUNCTION = YES;
				GCC_WARN_UNUSED_VARIABLE = YES;
				IPHONEOS_DEPLOYMENT_TARGET = 14.5;
				MTL_ENABLE_DEBUG_INFO = NO;
				MTL_FAST_MATH = YES;
				SDKROOT = iphoneos;
				SWIFT_COMPILATION_MODE = wholemodule;
				SWIFT_OPTIMIZATION_LEVEL = "-O";
				VALIDATE_PRODUCT = YES;
			};
			name = Release;
		};
		04AE503726552056000F4B03 /* Debug */ = {
			isa = XCBuildConfiguration;
			buildSettings = {
				ASSETCATALOG_COMPILER_APPICON_NAME = AppIcon;
				ASSETCATALOG_COMPILER_GLOBAL_ACCENT_COLOR_NAME = AccentColor;
				CODE_SIGN_STYLE = Automatic;
				INFOPLIST_FILE = NewsFeedChallenge/Info.plist;
				LD_RUNPATH_SEARCH_PATHS = (
					"$(inherited)",
					"@executable_path/Frameworks",
				);
				PRODUCT_BUNDLE_IDENTIFIER = com.kunalchhabra.NewsFeedChallenge;
				PRODUCT_NAME = "$(TARGET_NAME)";
				SWIFT_VERSION = 5.0;
				TARGETED_DEVICE_FAMILY = "1,2";
			};
			name = Debug;
		};
		04AE503826552056000F4B03 /* Release */ = {
			isa = XCBuildConfiguration;
			buildSettings = {
				ASSETCATALOG_COMPILER_APPICON_NAME = AppIcon;
				ASSETCATALOG_COMPILER_GLOBAL_ACCENT_COLOR_NAME = AccentColor;
				CODE_SIGN_STYLE = Automatic;
				INFOPLIST_FILE = NewsFeedChallenge/Info.plist;
				LD_RUNPATH_SEARCH_PATHS = (
					"$(inherited)",
					"@executable_path/Frameworks",
				);
				PRODUCT_BUNDLE_IDENTIFIER = com.kunalchhabra.NewsFeedChallenge;
				PRODUCT_NAME = "$(TARGET_NAME)";
				SWIFT_VERSION = 5.0;
				TARGETED_DEVICE_FAMILY = "1,2";
			};
			name = Release;
		};
/* End XCBuildConfiguration section */

/* Begin XCConfigurationList section */
		04AE501D26552054000F4B03 /* Build configuration list for PBXProject "NewsFeedChallenge" */ = {
			isa = XCConfigurationList;
			buildConfigurations = (
				04AE503426552056000F4B03 /* Debug */,
				04AE503526552056000F4B03 /* Release */,
			);
			defaultConfigurationIsVisible = 0;
			defaultConfigurationName = Release;
		};
		04AE503626552056000F4B03 /* Build configuration list for PBXNativeTarget "NewsFeedChallenge" */ = {
			isa = XCConfigurationList;
			buildConfigurations = (
				04AE503726552056000F4B03 /* Debug */,
				04AE503826552056000F4B03 /* Release */,
			);
			defaultConfigurationIsVisible = 0;
			defaultConfigurationName = Release;
		};
/* End XCConfigurationList section */
	};
	rootObject = 04AE501A26552054000F4B03 /* Project object */;
}
